
Microsoft Visual Studio Solution File, Format Version 12.00
# Visual Studio Version 16
VisualStudioVersion = 16.0.30503.244
MinimumVisualStudioVersion = 10.0.40219.1
Project("{FAE04EC0-301F-11D3-BF4B-00C04F79EFBC}") = "GestaoFilmesAPI", "GestaoFilmesAPI\GestaoFilmesAPI.csproj", "{91F5CC56-920A-4D0A-BC4A-2E87F81F1968}"
EndProject
Project("{FAE04EC0-301F-11D3-BF4B-00C04F79EFBC}") = "GestaoFilmesAPI.Data", "GestaoFilmesAPI.Data\GestaoFilmesAPI.Data.csproj", "{BA2B7034-037B-479F-9984-59CC61BB87F4}"
EndProject
Global
	GlobalSection(SolutionConfigurationPlatforms) = preSolution
		Debug|Any CPU = Debug|Any CPU
		Release|Any CPU = Release|Any CPU
	EndGlobalSection
	GlobalSection(ProjectConfigurationPlatforms) = postSolution
		{91F5CC56-920A-4D0A-BC4A-2E87F81F1968}.Debug|Any CPU.ActiveCfg = Debug|Any CPU
		{91F5CC56-920A-4D0A-BC4A-2E87F81F1968}.Debug|Any CPU.Build.0 = Debug|Any CPU
		{91F5CC56-920A-4D0A-BC4A-2E87F81F1968}.Release|Any CPU.ActiveCfg = Release|Any CPU
		{91F5CC56-920A-4D0A-BC4A-2E87F81F1968}.Release|Any CPU.Build.0 = Release|Any CPU
		{BA2B7034-037B-479F-9984-59CC61BB87F4}.Debug|Any CPU.ActiveCfg = Debug|Any CPU
		{BA2B7034-037B-479F-9984-59CC61BB87F4}.Debug|Any CPU.Build.0 = Debug|Any CPU
		{BA2B7034-037B-479F-9984-59CC61BB87F4}.Release|Any CPU.ActiveCfg = Release|Any CPU
		{BA2B7034-037B-479F-9984-59CC61BB87F4}.Release|Any CPU.Build.0 = Release|Any CPU
	EndGlobalSection
	GlobalSection(SolutionProperties) = preSolution
		HideSolutionNode = FALSE
	EndGlobalSection
	GlobalSection(ExtensibilityGlobals) = postSolution
		SolutionGuid = {716C6403-7D3F-42C0-A1C4-B25A0C42C860}
	EndGlobalSection
EndGlobal
